
Microsoft Visual Studio Solution File, Format Version 12.00
# Visual Studio Version 17
VisualStudioVersion = 17.6.33815.320
MinimumVisualStudioVersion = 10.0.40219.1
Project("{FAE04EC0-301F-11D3-BF4B-00C04F79EFBC}") = "SMS", "SMS\SMS.csproj", "{5B5A7991-07DF-47E3-9EE4-10235C410185}"
EndProject
Project("{2150E333-8FDC-42A3-9474-1A3956D46DE8}") = "DAL", "DAL", "{18FF7F7C-0449-4070-9E51-76ECD8A130E0}"
EndProject
Project("{2150E333-8FDC-42A3-9474-1A3956D46DE8}") = "BAL", "BAL", "{616A48E0-1B40-4DF8-B6E3-D0D65158B054}"
EndProject
Project("{2150E333-8FDC-42A3-9474-1A3956D46DE8}") = "Core", "Core", "{3DF509C9-26AD-4146-A7FF-1686D6CC38BE}"
EndProject
Project("{2150E333-8FDC-42A3-9474-1A3956D46DE8}") = "ConfigurationManager", "ConfigurationManager", "{529EC904-1C22-4C44-9E51-BE93B5FC2FDF}"
EndProject
Project("{2150E333-8FDC-42A3-9474-1A3956D46DE8}") = "Model", "Model", "{BDB02225-13E2-4B42-B566-BBE9AB141343}"
EndProject
Project("{FAE04EC0-301F-11D3-BF4B-00C04F79EFBC}") = "SMS.BAL", "SMS.BAL\SMS.BAL.csproj", "{E17E40B9-4C6C-4C7F-BB9E-2CCB61BBE13A}"
EndProject
Project("{FAE04EC0-301F-11D3-BF4B-00C04F79EFBC}") = "SMS.ConfigurationManager", "SMS.ConfigurationManager\SMS.ConfigurationManager.csproj", "{084B2197-BBB7-405F-A9A1-84737EC07A78}"
EndProject
Project("{FAE04EC0-301F-11D3-BF4B-00C04F79EFBC}") = "SMS.Core", "SMS.Core\SMS.Core.csproj", "{86976D5A-38A9-4B1F-B7A9-779F5AE70A38}"
EndProject
Project("{FAE04EC0-301F-11D3-BF4B-00C04F79EFBC}") = "SMS.DAL", "SMS.DAL\SMS.DAL.csproj", "{35037E5C-1226-41A7-A318-BBB5E7F29DAC}"
EndProject
Project("{FAE04EC0-301F-11D3-BF4B-00C04F79EFBC}") = "SMS.Model", "SMS.Model\SMS.Model.csproj", "{04E4BD44-34E5-4854-8D79-5DE554EE010E}"
EndProject
Global
	GlobalSection(SolutionConfigurationPlatforms) = preSolution
		Debug|Any CPU = Debug|Any CPU
		Release|Any CPU = Release|Any CPU
	EndGlobalSection
	GlobalSection(ProjectConfigurationPlatforms) = postSolution
		{5B5A7991-07DF-47E3-9EE4-10235C410185}.Debug|Any CPU.ActiveCfg = Debug|Any CPU
		{5B5A7991-07DF-47E3-9EE4-10235C410185}.Debug|Any CPU.Build.0 = Debug|Any CPU
		{5B5A7991-07DF-47E3-9EE4-10235C410185}.Release|Any CPU.ActiveCfg = Release|Any CPU
		{5B5A7991-07DF-47E3-9EE4-10235C410185}.Release|Any CPU.Build.0 = Release|Any CPU
		{E17E40B9-4C6C-4C7F-BB9E-2CCB61BBE13A}.Debug|Any CPU.ActiveCfg = Debug|Any CPU
		{E17E40B9-4C6C-4C7F-BB9E-2CCB61BBE13A}.Debug|Any CPU.Build.0 = Debug|Any CPU
		{E17E40B9-4C6C-4C7F-BB9E-2CCB61BBE13A}.Release|Any CPU.ActiveCfg = Release|Any CPU
		{E17E40B9-4C6C-4C7F-BB9E-2CCB61BBE13A}.Release|Any CPU.Build.0 = Release|Any CPU
		{084B2197-BBB7-405F-A9A1-84737EC07A78}.Debug|Any CPU.ActiveCfg = Debug|Any CPU
		{084B2197-BBB7-405F-A9A1-84737EC07A78}.Debug|Any CPU.Build.0 = Debug|Any CPU
		{084B2197-BBB7-405F-A9A1-84737EC07A78}.Release|Any CPU.ActiveCfg = Release|Any CPU
		{084B2197-BBB7-405F-A9A1-84737EC07A78}.Release|Any CPU.Build.0 = Release|Any CPU
		{86976D5A-38A9-4B1F-B7A9-779F5AE70A38}.Debug|Any CPU.ActiveCfg = Debug|Any CPU
		{86976D5A-38A9-4B1F-B7A9-779F5AE70A38}.Debug|Any CPU.Build.0 = Debug|Any CPU
		{86976D5A-38A9-4B1F-B7A9-779F5AE70A38}.Release|Any CPU.ActiveCfg = Release|Any CPU
		{86976D5A-38A9-4B1F-B7A9-779F5AE70A38}.Release|Any CPU.Build.0 = Release|Any CPU
		{35037E5C-1226-41A7-A318-BBB5E7F29DAC}.Debug|Any CPU.ActiveCfg = Debug|Any CPU
		{35037E5C-1226-41A7-A318-BBB5E7F29DAC}.Debug|Any CPU.Build.0 = Debug|Any CPU
		{35037E5C-1226-41A7-A318-BBB5E7F29DAC}.Release|Any CPU.ActiveCfg = Release|Any CPU
		{35037E5C-1226-41A7-A318-BBB5E7F29DAC}.Release|Any CPU.Build.0 = Release|Any CPU
		{04E4BD44-34E5-4854-8D79-5DE554EE010E}.Debug|Any CPU.ActiveCfg = Debug|Any CPU
		{04E4BD44-34E5-4854-8D79-5DE554EE010E}.Debug|Any CPU.Build.0 = Debug|Any CPU
		{04E4BD44-34E5-4854-8D79-5DE554EE010E}.Release|Any CPU.ActiveCfg = Release|Any CPU
		{04E4BD44-34E5-4854-8D79-5DE554EE010E}.Release|Any CPU.Build.0 = Release|Any CPU
	EndGlobalSection
	GlobalSection(SolutionProperties) = preSolution
		HideSolutionNode = FALSE
	EndGlobalSection
	GlobalSection(NestedProjects) = preSolution
		{E17E40B9-4C6C-4C7F-BB9E-2CCB61BBE13A} = {616A48E0-1B40-4DF8-B6E3-D0D65158B054}
		{084B2197-BBB7-405F-A9A1-84737EC07A78} = {529EC904-1C22-4C44-9E51-BE93B5FC2FDF}
		{86976D5A-38A9-4B1F-B7A9-779F5AE70A38} = {3DF509C9-26AD-4146-A7FF-1686D6CC38BE}
		{35037E5C-1226-41A7-A318-BBB5E7F29DAC} = {18FF7F7C-0449-4070-9E51-76ECD8A130E0}
		{04E4BD44-34E5-4854-8D79-5DE554EE010E} = {BDB02225-13E2-4B42-B566-BBE9AB141343}
	EndGlobalSection
	GlobalSection(ExtensibilityGlobals) = postSolution
		SolutionGuid = {878BA4B1-7658-4562-8164-D24E1A1A3690}
	EndGlobalSection
EndGlobal
